lockfileVersion: '9.0'

settings:
  autoInstallPeers: true
  excludeLinksFromLockfile: false

importers:

  .:
    dependencies:
      effect:
        specifier: ^3.14.20
        version: 3.14.20
      snabbdom:
        specifier: ^3.6.2
        version: 3.6.2

packages:

  '@standard-schema/spec@1.0.0':
    resolution: {integrity: sha512-m2bOd0f2RT9k8QJx1JN85cZYyH1RqFBdlwtkSlf4tBDYLCiiZnv1fIIwacK6cqwXavOydf0NPToMQgpKq+dVlA==}

  effect@3.14.20:
    resolution: {integrity: sha512-c3r1jpnev6epl1DU/baCsEU1P4571ExTEm9M8OTreIbMT5AFGC0lJoVrHFkjv0IMtIz8cwPObbjjsIhhSPPWKA==}

  fast-check@3.23.2:
    resolution: {integrity: sha512-h5+1OzzfCC3Ef7VbtKdcv7zsstUQwUDlYpUTvjeUsJAssPgLn7QzbboPtL5ro04Mq0rPOsMzl7q5hIbRs2wD1A==}
    engines: {node: '>=8.0.0'}

  pure-rand@6.1.0:
    resolution: {integrity: sha512-bVWawvoZoBYpp6yIoQtQXHZjmz35RSVHnUOTefl8Vcjr8snTPY1wnpSPMWekcFwbxI6gtmT7rSYPFvz71ldiOA==}

  snabbdom@3.6.2:
    resolution: {integrity: sha512-ig5qOnCDbugFntKi6c7Xlib8bA6xiJVk8O+WdFrV3wxbMqeHO0hXFQC4nAhPVWfZfi8255lcZkNhtIBINCc4+Q==}
    engines: {node: '>=12.17.0'}

snapshots:

  '@standard-schema/spec@1.0.0': {}

  effect@3.14.20:
    dependencies:
      '@standard-schema/spec': 1.0.0
      fast-check: 3.23.2

  fast-check@3.23.2:
    dependencies:
      pure-rand: 6.1.0

  pure-rand@6.1.0: {}

  snabbdom@3.6.2: {}
